
Microsoft Visual Studio Solution File, Format Version 12.00
# Visual Studio Version 17
VisualStudioVersion = 17.9.34616.47
MinimumVisualStudioVersion = 10.0.40219.1
Project("{FAE04EC0-301F-11D3-BF4B-00C04F79EFBC}") = "WebDatVeMayBay", "WebDatVeMayBay\WebDatVeMayBay.csproj", "{F7B69F48-E492-47E5-BE56-34B229E5CA60}"
EndProject
Global
	GlobalSection(SolutionConfigurationPlatforms) = preSolution
		Debug|Any CPU = Debug|Any CPU
		Release|Any CPU = Release|Any CPU
	EndGlobalSection
	GlobalSection(ProjectConfigurationPlatforms) = postSolution
		{F7B69F48-E492-47E5-BE56-34B229E5CA60}.Debug|Any CPU.ActiveCfg = Debug|Any CPU
		{F7B69F48-E492-47E5-BE56-34B229E5CA60}.Debug|Any CPU.Build.0 = Debug|Any CPU
		{F7B69F48-E492-47E5-BE56-34B229E5CA60}.Release|Any CPU.ActiveCfg = Release|Any CPU
		{F7B69F48-E492-47E5-BE56-34B229E5CA60}.Release|Any CPU.Build.0 = Release|Any CPU
	EndGlobalSection
	GlobalSection(SolutionProperties) = preSolution
		HideSolutionNode = FALSE
	EndGlobalSection
	GlobalSection(ExtensibilityGlobals) = postSolution
		SolutionGuid = {C0B57BCD-C735-48D4-A351-31DF9253B079}
	EndGlobalSection
EndGlobal
